
Microsoft Visual Studio Solution File, Format Version 12.00
# Visual Studio 14
VisualStudioVersion = 14.0.23107.0
MinimumVisualStudioVersion = 10.0.40219.1
Project("{2150E333-8FDC-42A3-9474-1A3956D46DE8}") = "MetroMarkdownEditor", "MetroMarkdownEditor", "{55F42953-C7B1-4947-A6E4-A4449579D1FF}"
EndProject
Project("{D954291E-2A0B-460D-934E-DC6B0785DB48}") = "MetroMarkdownEditor.Shared", "MetroMarkdownEditor\MetroMarkdownEditor.Shared\MetroMarkdownEditor.Shared.shproj", "{A1CBC047-177A-404F-A7B4-E26AE4980ED1}"
EndProject
Project("{FAE04EC0-301F-11D3-BF4B-00C04F79EFBC}") = "MetroMarkdownEditor.Windows", "MetroMarkdownEditor\MetroMarkdownEditor.Windows\MetroMarkdownEditor.Windows.csproj", "{EA5CAF24-40F6-48CA-B3EA-7BF3FE33A6FB}"
EndProject
Project("{FAE04EC0-301F-11D3-BF4B-00C04F79EFBC}") = "MetroMarkdownEditor.WindowsPhone", "MetroMarkdownEditor\MetroMarkdownEditor.WindowsPhone\MetroMarkdownEditor.WindowsPhone.csproj", "{BA62E700-ED1F-4A43-9E10-36BE8AD6D12F}"
EndProject
Global
	GlobalSection(SharedMSBuildProjectFiles) = preSolution
		MetroMarkdownEditor\MetroMarkdownEditor.Shared\MetroMarkdownEditor.Shared.projitems*{ea5caf24-40f6-48ca-b3ea-7bf3fe33a6fb}*SharedItemsImports = 4
		MetroMarkdownEditor\MetroMarkdownEditor.Shared\MetroMarkdownEditor.Shared.projitems*{a1cbc047-177a-404f-a7b4-e26ae4980ed1}*SharedItemsImports = 13
		MetroMarkdownEditor\MetroMarkdownEditor.Shared\MetroMarkdownEditor.Shared.projitems*{ba62e700-ed1f-4a43-9e10-36be8ad6d12f}*SharedItemsImports = 4
	EndGlobalSection
	GlobalSection(SolutionConfigurationPlatforms) = preSolution
		Debug|Any CPU = Debug|Any CPU
		Debug|ARM = Debug|ARM
		Debug|x64 = Debug|x64
		Debug|x86 = Debug|x86
		Release|Any CPU = Release|Any CPU
		Release|ARM = Release|ARM
		Release|x64 = Release|x64
		Release|x86 = Release|x86
	EndGlobalSection
	GlobalSection(ProjectConfigurationPlatforms) = postSolution
		{EA5CAF24-40F6-48CA-B3EA-7BF3FE33A6FB}.Debug|Any CPU.ActiveCfg = Debug|Any CPU
		{EA5CAF24-40F6-48CA-B3EA-7BF3FE33A6FB}.Debug|Any CPU.Build.0 = Debug|Any CPU
		{EA5CAF24-40F6-48CA-B3EA-7BF3FE33A6FB}.Debug|Any CPU.Deploy.0 = Debug|Any CPU
		{EA5CAF24-40F6-48CA-B3EA-7BF3FE33A6FB}.Debug|ARM.ActiveCfg = Debug|ARM
		{EA5CAF24-40F6-48CA-B3EA-7BF3FE33A6FB}.Debug|ARM.Build.0 = Debug|ARM
		{EA5CAF24-40F6-48CA-B3EA-7BF3FE33A6FB}.Debug|ARM.Deploy.0 = Debug|ARM
		{EA5CAF24-40F6-48CA-B3EA-7BF3FE33A6FB}.Debug|x64.ActiveCfg = Debug|x64
		{EA5CAF24-40F6-48CA-B3EA-7BF3FE33A6FB}.Debug|x64.Build.0 = Debug|x64
		{EA5CAF24-40F6-48CA-B3EA-7BF3FE33A6FB}.Debug|x64.Deploy.0 = Debug|x64
		{EA5CAF24-40F6-48CA-B3EA-7BF3FE33A6FB}.Debug|x86.ActiveCfg = Debug|x86
		{EA5CAF24-40F6-48CA-B3EA-7BF3FE33A6FB}.Debug|x86.Build.0 = Debug|x86
		{EA5CAF24-40F6-48CA-B3EA-7BF3FE33A6FB}.Debug|x86.Deploy.0 = Debug|x86
		{EA5CAF24-40F6-48CA-B3EA-7BF3FE33A6FB}.Release|Any CPU.ActiveCfg = Release|Any CPU
		{EA5CAF24-40F6-48CA-B3EA-7BF3FE33A6FB}.Release|Any CPU.Build.0 = Release|Any CPU
		{EA5CAF24-40F6-48CA-B3EA-7BF3FE33A6FB}.Release|Any CPU.Deploy.0 = Release|Any CPU
		{EA5CAF24-40F6-48CA-B3EA-7BF3FE33A6FB}.Release|ARM.ActiveCfg = Release|ARM
		{EA5CAF24-40F6-48CA-B3EA-7BF3FE33A6FB}.Release|ARM.Build.0 = Release|ARM
		{EA5CAF24-40F6-48CA-B3EA-7BF3FE33A6FB}.Release|ARM.Deploy.0 = Release|ARM
		{EA5CAF24-40F6-48CA-B3EA-7BF3FE33A6FB}.Release|x64.ActiveCfg = Release|x64
		{EA5CAF24-40F6-48CA-B3EA-7BF3FE33A6FB}.Release|x64.Build.0 = Release|x64
		{EA5CAF24-40F6-48CA-B3EA-7BF3FE33A6FB}.Release|x64.Deploy.0 = Release|x64
		{EA5CAF24-40F6-48CA-B3EA-7BF3FE33A6FB}.Release|x86.ActiveCfg = Release|x86
		{EA5CAF24-40F6-48CA-B3EA-7BF3FE33A6FB}.Release|x86.Build.0 = Release|x86
		{EA5CAF24-40F6-48CA-B3EA-7BF3FE33A6FB}.Release|x86.Deploy.0 = Release|x86
		{BA62E700-ED1F-4A43-9E10-36BE8AD6D12F}.Debug|Any CPU.ActiveCfg = Debug|Any CPU
		{BA62E700-ED1F-4A43-9E10-36BE8AD6D12F}.Debug|Any CPU.Build.0 = Debug|Any CPU
		{BA62E700-ED1F-4A43-9E10-36BE8AD6D12F}.Debug|Any CPU.Deploy.0 = Debug|Any CPU
		{BA62E700-ED1F-4A43-9E10-36BE8AD6D12F}.Debug|ARM.ActiveCfg = Debug|ARM
		{BA62E700-ED1F-4A43-9E10-36BE8AD6D12F}.Debug|ARM.Build.0 = Debug|ARM
		{BA62E700-ED1F-4A43-9E10-36BE8AD6D12F}.Debug|ARM.Deploy.0 = Debug|ARM
		{BA62E700-ED1F-4A43-9E10-36BE8AD6D12F}.Debug|x64.ActiveCfg = Debug|Any CPU
		{BA62E700-ED1F-4A43-9E10-36BE8AD6D12F}.Debug|x64.Build.0 = Debug|Any CPU
		{BA62E700-ED1F-4A43-9E10-36BE8AD6D12F}.Debug|x64.Deploy.0 = Debug|Any CPU
		{BA62E700-ED1F-4A43-9E10-36BE8AD6D12F}.Debug|x86.ActiveCfg = Debug|x86
		{BA62E700-ED1F-4A43-9E10-36BE8AD6D12F}.Debug|x86.Build.0 = Debug|x86
		{BA62E700-ED1F-4A43-9E10-36BE8AD6D12F}.Debug|x86.Deploy.0 = Debug|x86
		{BA62E700-ED1F-4A43-9E10-36BE8AD6D12F}.Release|Any CPU.ActiveCfg = Release|Any CPU
		{BA62E700-ED1F-4A43-9E10-36BE8AD6D12F}.Release|Any CPU.Build.0 = Release|Any CPU
		{BA62E700-ED1F-4A43-9E10-36BE8AD6D12F}.Release|Any CPU.Deploy.0 = Release|Any CPU
		{BA62E700-ED1F-4A43-9E10-36BE8AD6D12F}.Release|ARM.ActiveCfg = Release|ARM
		{BA62E700-ED1F-4A43-9E10-36BE8AD6D12F}.Release|ARM.Build.0 = Release|ARM
		{BA62E700-ED1F-4A43-9E10-36BE8AD6D12F}.Release|ARM.Deploy.0 = Release|ARM
		{BA62E700-ED1F-4A43-9E10-36BE8AD6D12F}.Release|x64.ActiveCfg = Release|Any CPU
		{BA62E700-ED1F-4A43-9E10-36BE8AD6D12F}.Release|x64.Build.0 = Release|Any CPU
		{BA62E700-ED1F-4A43-9E10-36BE8AD6D12F}.Release|x64.Deploy.0 = Release|Any CPU
		{BA62E700-ED1F-4A43-9E10-36BE8AD6D12F}.Release|x86.ActiveCfg = Release|x86
		{BA62E700-ED1F-4A43-9E10-36BE8AD6D12F}.Release|x86.Build.0 = Release|x86
		{BA62E700-ED1F-4A43-9E10-36BE8AD6D12F}.Release|x86.Deploy.0 = Release|x86
	EndGlobalSection
	GlobalSection(SolutionProperties) = preSolution
		HideSolutionNode = FALSE
	EndGlobalSection
	GlobalSection(NestedProjects) = preSolution
		{A1CBC047-177A-404F-A7B4-E26AE4980ED1} = {55F42953-C7B1-4947-A6E4-A4449579D1FF}
		{EA5CAF24-40F6-48CA-B3EA-7BF3FE33A6FB} = {55F42953-C7B1-4947-A6E4-A4449579D1FF}
		{BA62E700-ED1F-4A43-9E10-36BE8AD6D12F} = {55F42953-C7B1-4947-A6E4-A4449579D1FF}
	EndGlobalSection
EndGlobal
